
Microsoft Visual Studio Solution File, Format Version 12.00
# Visual Studio Version 17
VisualStudioVersion = 17.11.35327.3
MinimumVisualStudioVersion = 10.0.40219.1
Project("{FAE04EC0-301F-11D3-BF4B-00C04F79EFBC}") = "QRMobileApp.Android", "QRMobileApp\QRMobileApp.Android\QRMobileApp.Android.csproj", "{8D001DB7-FB52-402A-9DE9-FB1D09A96F94}"
EndProject
Project("{FAE04EC0-301F-11D3-BF4B-00C04F79EFBC}") = "QRMobileApp.iOS", "QRMobileApp\QRMobileApp.iOS\QRMobileApp.iOS.csproj", "{D5995E10-6C51-4154-ABF0-8EABA311F227}"
EndProject
Project("{9A19103F-16F7-4668-BE54-9A1E7A4F7556}") = "QRMobileApp", "QRMobileApp\QRMobileApp\QRMobileApp.csproj", "{8E7D5CE0-7F25-48A1-8A32-259268CE5759}"
EndProject
Global
	GlobalSection(SolutionConfigurationPlatforms) = preSolution
		Debug|Any CPU = Debug|Any CPU
		Debug|iPhone = Debug|iPhone
		Debug|iPhoneSimulator = Debug|iPhoneSimulator
		Release|Any CPU = Release|Any CPU
		Release|iPhone = Release|iPhone
		Release|iPhoneSimulator = Release|iPhoneSimulator
	EndGlobalSection
	GlobalSection(ProjectConfigurationPlatforms) = postSolution
		{8D001DB7-FB52-402A-9DE9-FB1D09A96F94}.Debug|Any CPU.ActiveCfg = Debug|Any CPU
		{8D001DB7-FB52-402A-9DE9-FB1D09A96F94}.Debug|Any CPU.Build.0 = Debug|Any CPU
		{8D001DB7-FB52-402A-9DE9-FB1D09A96F94}.Debug|Any CPU.Deploy.0 = Debug|Any CPU
		{8D001DB7-FB52-402A-9DE9-FB1D09A96F94}.Debug|iPhone.ActiveCfg = Debug|Any CPU
		{8D001DB7-FB52-402A-9DE9-FB1D09A96F94}.Debug|iPhone.Build.0 = Debug|Any CPU
		{8D001DB7-FB52-402A-9DE9-FB1D09A96F94}.Debug|iPhone.Deploy.0 = Debug|Any CPU
		{8D001DB7-FB52-402A-9DE9-FB1D09A96F94}.Debug|iPhoneSimulator.ActiveCfg = Debug|Any CPU
		{8D001DB7-FB52-402A-9DE9-FB1D09A96F94}.Debug|iPhoneSimulator.Build.0 = Debug|Any CPU
		{8D001DB7-FB52-402A-9DE9-FB1D09A96F94}.Debug|iPhoneSimulator.Deploy.0 = Debug|Any CPU
		{8D001DB7-FB52-402A-9DE9-FB1D09A96F94}.Release|Any CPU.ActiveCfg = Release|Any CPU
		{8D001DB7-FB52-402A-9DE9-FB1D09A96F94}.Release|Any CPU.Build.0 = Release|Any CPU
		{8D001DB7-FB52-402A-9DE9-FB1D09A96F94}.Release|Any CPU.Deploy.0 = Release|Any CPU
		{8D001DB7-FB52-402A-9DE9-FB1D09A96F94}.Release|iPhone.ActiveCfg = Release|Any CPU
		{8D001DB7-FB52-402A-9DE9-FB1D09A96F94}.Release|iPhone.Build.0 = Release|Any CPU
		{8D001DB7-FB52-402A-9DE9-FB1D09A96F94}.Release|iPhone.Deploy.0 = Release|Any CPU
		{8D001DB7-FB52-402A-9DE9-FB1D09A96F94}.Release|iPhoneSimulator.ActiveCfg = Release|Any CPU
		{8D001DB7-FB52-402A-9DE9-FB1D09A96F94}.Release|iPhoneSimulator.Build.0 = Release|Any CPU
		{8D001DB7-FB52-402A-9DE9-FB1D09A96F94}.Release|iPhoneSimulator.Deploy.0 = Release|Any CPU
		{D5995E10-6C51-4154-ABF0-8EABA311F227}.Debug|Any CPU.ActiveCfg = Debug|iPhone
		{D5995E10-6C51-4154-ABF0-8EABA311F227}.Debug|Any CPU.Build.0 = Debug|iPhone
		{D5995E10-6C51-4154-ABF0-8EABA311F227}.Debug|Any CPU.Deploy.0 = Debug|iPhone
		{D5995E10-6C51-4154-ABF0-8EABA311F227}.Debug|iPhone.ActiveCfg = Debug|iPhone
		{D5995E10-6C51-4154-ABF0-8EABA311F227}.Debug|iPhone.Build.0 = Debug|iPhone
		{D5995E10-6C51-4154-ABF0-8EABA311F227}.Debug|iPhone.Deploy.0 = Debug|iPhone
		{D5995E10-6C51-4154-ABF0-8EABA311F227}.Debug|iPhoneSimulator.ActiveCfg = Debug|iPhoneSimulator
		{D5995E10-6C51-4154-ABF0-8EABA311F227}.Debug|iPhoneSimulator.Build.0 = Debug|iPhoneSimulator
		{D5995E10-6C51-4154-ABF0-8EABA311F227}.Debug|iPhoneSimulator.Deploy.0 = Debug|iPhoneSimulator
		{D5995E10-6C51-4154-ABF0-8EABA311F227}.Release|Any CPU.ActiveCfg = Release|iPhoneSimulator
		{D5995E10-6C51-4154-ABF0-8EABA311F227}.Release|Any CPU.Build.0 = Release|iPhoneSimulator
		{D5995E10-6C51-4154-ABF0-8EABA311F227}.Release|Any CPU.Deploy.0 = Release|iPhoneSimulator
		{D5995E10-6C51-4154-ABF0-8EABA311F227}.Release|iPhone.ActiveCfg = Release|iPhone
		{D5995E10-6C51-4154-ABF0-8EABA311F227}.Release|iPhone.Build.0 = Release|iPhone
		{D5995E10-6C51-4154-ABF0-8EABA311F227}.Release|iPhone.Deploy.0 = Release|iPhone
		{D5995E10-6C51-4154-ABF0-8EABA311F227}.Release|iPhoneSimulator.ActiveCfg = Release|iPhoneSimulator
		{D5995E10-6C51-4154-ABF0-8EABA311F227}.Release|iPhoneSimulator.Build.0 = Release|iPhoneSimulator
		{D5995E10-6C51-4154-ABF0-8EABA311F227}.Release|iPhoneSimulator.Deploy.0 = Release|iPhoneSimulator
		{8E7D5CE0-7F25-48A1-8A32-259268CE5759}.Debug|Any CPU.ActiveCfg = Debug|Any CPU
		{8E7D5CE0-7F25-48A1-8A32-259268CE5759}.Debug|Any CPU.Build.0 = Debug|Any CPU
		{8E7D5CE0-7F25-48A1-8A32-259268CE5759}.Debug|Any CPU.Deploy.0 = Debug|Any CPU
		{8E7D5CE0-7F25-48A1-8A32-259268CE5759}.Debug|iPhone.ActiveCfg = Debug|Any CPU
		{8E7D5CE0-7F25-48A1-8A32-259268CE5759}.Debug|iPhone.Build.0 = Debug|Any CPU
		{8E7D5CE0-7F25-48A1-8A32-259268CE5759}.Debug|iPhone.Deploy.0 = Debug|Any CPU
		{8E7D5CE0-7F25-48A1-8A32-259268CE5759}.Debug|iPhoneSimulator.ActiveCfg = Debug|Any CPU
		{8E7D5CE0-7F25-48A1-8A32-259268CE5759}.Debug|iPhoneSimulator.Build.0 = Debug|Any CPU
		{8E7D5CE0-7F25-48A1-8A32-259268CE5759}.Debug|iPhoneSimulator.Deploy.0 = Debug|Any CPU
		{8E7D5CE0-7F25-48A1-8A32-259268CE5759}.Release|Any CPU.ActiveCfg = Release|Any CPU
		{8E7D5CE0-7F25-48A1-8A32-259268CE5759}.Release|Any CPU.Build.0 = Release|Any CPU
		{8E7D5CE0-7F25-48A1-8A32-259268CE5759}.Release|Any CPU.Deploy.0 = Release|Any CPU
		{8E7D5CE0-7F25-48A1-8A32-259268CE5759}.Release|iPhone.ActiveCfg = Release|Any CPU
		{8E7D5CE0-7F25-48A1-8A32-259268CE5759}.Release|iPhone.Build.0 = Release|Any CPU
		{8E7D5CE0-7F25-48A1-8A32-259268CE5759}.Release|iPhone.Deploy.0 = Release|Any CPU
		{8E7D5CE0-7F25-48A1-8A32-259268CE5759}.Release|iPhoneSimulator.ActiveCfg = Release|Any CPU
		{8E7D5CE0-7F25-48A1-8A32-259268CE5759}.Release|iPhoneSimulator.Build.0 = Release|Any CPU
		{8E7D5CE0-7F25-48A1-8A32-259268CE5759}.Release|iPhoneSimulator.Deploy.0 = Release|Any CPU
	EndGlobalSection
	GlobalSection(SolutionProperties) = preSolution
		HideSolutionNode = FALSE
	EndGlobalSection
	GlobalSection(ExtensibilityGlobals) = postSolution
		SolutionGuid = {D4EF7FF4-B6E7-4C62-8DDB-C031BFD92D20}
	EndGlobalSection
EndGlobal
